
Microsoft Visual Studio Solution File, Format Version 12.00
# Visual Studio Version 17
VisualStudioVersion = 17.2.32630.192
MinimumVisualStudioVersion = 10.0.40219.1
Project("{FAE04EC0-301F-11D3-BF4B-00C04F79EFBC}") = "ConsoleApp1", "ConsoleApp1.csproj", "{66C49332-309B-4F7D-A07A-364C17367100}"
EndProject
Global
	GlobalSection(SolutionConfigurationPlatforms) = preSolution
		Debug|Any CPU = Debug|Any CPU
		Release|Any CPU = Release|Any CPU
	EndGlobalSection
	GlobalSection(ProjectConfigurationPlatforms) = postSolution
		{66C49332-309B-4F7D-A07A-364C17367100}.Debug|Any CPU.ActiveCfg = Debug|Any CPU
		{66C49332-309B-4F7D-A07A-364C17367100}.Debug|Any CPU.Build.0 = Debug|Any CPU
		{66C49332-309B-4F7D-A07A-364C17367100}.Release|Any CPU.ActiveCfg = Release|Any CPU
		{66C49332-309B-4F7D-A07A-364C17367100}.Release|Any CPU.Build.0 = Release|Any CPU
	EndGlobalSection
	GlobalSection(SolutionProperties) = preSolution
		HideSolutionNode = FALSE
	EndGlobalSection
	GlobalSection(ExtensibilityGlobals) = postSolution
		SolutionGuid = {41E6BCC9-F98B-48BA-875A-88FDF68B3C9D}
	EndGlobalSection
EndGlobal
